
Microsoft Visual Studio Solution File, Format Version 12.00
# Visual Studio Version 17
VisualStudioVersion = 17.12.35506.116 d17.12
MinimumVisualStudioVersion = 10.0.40219.1
Project("{FAE04EC0-301F-11D3-BF4B-00C04F79EFBC}") = "Nimbus.WebApi", "Nimbus.WebApi\Nimbus.WebApi.csproj", "{1F9B990A-5FC3-419F-AA68-5C0860A1EF30}"
EndProject
Project("{FAE04EC0-301F-11D3-BF4B-00C04F79EFBC}") = "Nimbus.Business", "Nimbus.Business\Nimbus.Business.csproj", "{569654FC-16BB-4706-A59C-43FCFC5966BA}"
EndProject
Project("{FAE04EC0-301F-11D3-BF4B-00C04F79EFBC}") = "Nimbus.Persistance", "Nimbus.Persistance\Nimbus.Persistance.csproj", "{B726D29F-B970-47D5-82B4-EB55E71AD5C6}"
EndProject
Global
	GlobalSection(SolutionConfigurationPlatforms) = preSolution
		Debug|Any CPU = Debug|Any CPU
		Release|Any CPU = Release|Any CPU
	EndGlobalSection
	GlobalSection(ProjectConfigurationPlatforms) = postSolution
		{1F9B990A-5FC3-419F-AA68-5C0860A1EF30}.Debug|Any CPU.ActiveCfg = Debug|Any CPU
		{1F9B990A-5FC3-419F-AA68-5C0860A1EF30}.Debug|Any CPU.Build.0 = Debug|Any CPU
		{1F9B990A-5FC3-419F-AA68-5C0860A1EF30}.Release|Any CPU.ActiveCfg = Release|Any CPU
		{1F9B990A-5FC3-419F-AA68-5C0860A1EF30}.Release|Any CPU.Build.0 = Release|Any CPU
		{569654FC-16BB-4706-A59C-43FCFC5966BA}.Debug|Any CPU.ActiveCfg = Debug|Any CPU
		{569654FC-16BB-4706-A59C-43FCFC5966BA}.Debug|Any CPU.Build.0 = Debug|Any CPU
		{569654FC-16BB-4706-A59C-43FCFC5966BA}.Release|Any CPU.ActiveCfg = Release|Any CPU
		{569654FC-16BB-4706-A59C-43FCFC5966BA}.Release|Any CPU.Build.0 = Release|Any CPU
		{B726D29F-B970-47D5-82B4-EB55E71AD5C6}.Debug|Any CPU.ActiveCfg = Debug|Any CPU
		{B726D29F-B970-47D5-82B4-EB55E71AD5C6}.Debug|Any CPU.Build.0 = Debug|Any CPU
		{B726D29F-B970-47D5-82B4-EB55E71AD5C6}.Release|Any CPU.ActiveCfg = Release|Any CPU
		{B726D29F-B970-47D5-82B4-EB55E71AD5C6}.Release|Any CPU.Build.0 = Release|Any CPU
	EndGlobalSection
	GlobalSection(SolutionProperties) = preSolution
		HideSolutionNode = FALSE
	EndGlobalSection
EndGlobal
