
Microsoft Visual Studio Solution File, Format Version 12.00
# Visual Studio Version 17
VisualStudioVersion = 17.12.35506.116
MinimumVisualStudioVersion = 10.0.40219.1
Project("{FAE04EC0-301F-11D3-BF4B-00C04F79EFBC}") = "Nimbus.WebApi", "Nimbus.WebApi\Nimbus.WebApi.csproj", "{1F9B990A-5FC3-419F-AA68-5C0860A1EF30}"
EndProject
Project("{FAE04EC0-301F-11D3-BF4B-00C04F79EFBC}") = "Nimbus.Business", "Nimbus.Business\Nimbus.Business.csproj", "{569654FC-16BB-4706-A59C-43FCFC5966BA}"
EndProject
Project("{FAE04EC0-301F-11D3-BF4B-00C04F79EFBC}") = "Nimbus.Persistance", "Nimbus.Persistance\Nimbus.Persistance.csproj", "{B726D29F-B970-47D5-82B4-EB55E71AD5C6}"
EndProject
Project("{2150E333-8FDC-42A3-9474-1A3956D46DE8}") = "Tests", "Tests", "{BAB49DEC-74C3-4874-BF67-04405F58D7A4}"
EndProject
Project("{FAE04EC0-301F-11D3-BF4B-00C04F79EFBC}") = "Nimbus.Tests", "Nimbus.Tests\Nimbus.Tests.csproj", "{3F05AD8F-CEBA-4619-8FFE-61E78464A41A}"
EndProject
Global
	GlobalSection(SolutionConfigurationPlatforms) = preSolution
		Debug|Any CPU = Debug|Any CPU
		Release|Any CPU = Release|Any CPU
	EndGlobalSection
	GlobalSection(ProjectConfigurationPlatforms) = postSolution
		{1F9B990A-5FC3-419F-AA68-5C0860A1EF30}.Debug|Any CPU.ActiveCfg = Debug|Any CPU
		{1F9B990A-5FC3-419F-AA68-5C0860A1EF30}.Debug|Any CPU.Build.0 = Debug|Any CPU
		{1F9B990A-5FC3-419F-AA68-5C0860A1EF30}.Release|Any CPU.ActiveCfg = Release|Any CPU
		{1F9B990A-5FC3-419F-AA68-5C0860A1EF30}.Release|Any CPU.Build.0 = Release|Any CPU
		{569654FC-16BB-4706-A59C-43FCFC5966BA}.Debug|Any CPU.ActiveCfg = Debug|Any CPU
		{569654FC-16BB-4706-A59C-43FCFC5966BA}.Debug|Any CPU.Build.0 = Debug|Any CPU
		{569654FC-16BB-4706-A59C-43FCFC5966BA}.Release|Any CPU.ActiveCfg = Release|Any CPU
		{569654FC-16BB-4706-A59C-43FCFC5966BA}.Release|Any CPU.Build.0 = Release|Any CPU
		{B726D29F-B970-47D5-82B4-EB55E71AD5C6}.Debug|Any CPU.ActiveCfg = Debug|Any CPU
		{B726D29F-B970-47D5-82B4-EB55E71AD5C6}.Debug|Any CPU.Build.0 = Debug|Any CPU
		{B726D29F-B970-47D5-82B4-EB55E71AD5C6}.Release|Any CPU.ActiveCfg = Release|Any CPU
		{B726D29F-B970-47D5-82B4-EB55E71AD5C6}.Release|Any CPU.Build.0 = Release|Any CPU
		{3F05AD8F-CEBA-4619-8FFE-61E78464A41A}.Debug|Any CPU.ActiveCfg = Debug|Any CPU
		{3F05AD8F-CEBA-4619-8FFE-61E78464A41A}.Debug|Any CPU.Build.0 = Debug|Any CPU
		{3F05AD8F-CEBA-4619-8FFE-61E78464A41A}.Release|Any CPU.ActiveCfg = Release|Any CPU
		{3F05AD8F-CEBA-4619-8FFE-61E78464A41A}.Release|Any CPU.Build.0 = Release|Any CPU
	EndGlobalSection
	GlobalSection(SolutionProperties) = preSolution
		HideSolutionNode = FALSE
	EndGlobalSection
	GlobalSection(NestedProjects) = preSolution
		{3F05AD8F-CEBA-4619-8FFE-61E78464A41A} = {BAB49DEC-74C3-4874-BF67-04405F58D7A4}
	EndGlobalSection
EndGlobal
